
Microsoft Visual Studio Solution File, Format Version 12.00
# Visual Studio Version 17
VisualStudioVersion = 17.4.33110.190
MinimumVisualStudioVersion = 10.0.40219.1
Project("{FAE04EC0-301F-11D3-BF4B-00C04F79EFBC}") = "FunctionApp1", "FunctionApp1.csproj", "{826BE20C-3ED7-44DA-A085-0D09F2BDA5DA}"
EndProject
Global
	GlobalSection(SolutionConfigurationPlatforms) = preSolution
		Debug|Any CPU = Debug|Any CPU
		Release|Any CPU = Release|Any CPU
	EndGlobalSection
	GlobalSection(ProjectConfigurationPlatforms) = postSolution
		{826BE20C-3ED7-44DA-A085-0D09F2BDA5DA}.Debug|Any CPU.ActiveCfg = Debug|Any CPU
		{826BE20C-3ED7-44DA-A085-0D09F2BDA5DA}.Debug|Any CPU.Build.0 = Debug|Any CPU
		{826BE20C-3ED7-44DA-A085-0D09F2BDA5DA}.Release|Any CPU.ActiveCfg = Release|Any CPU
		{826BE20C-3ED7-44DA-A085-0D09F2BDA5DA}.Release|Any CPU.Build.0 = Release|Any CPU
	EndGlobalSection
	GlobalSection(SolutionProperties) = preSolution
		HideSolutionNode = FALSE
	EndGlobalSection
	GlobalSection(ExtensibilityGlobals) = postSolution
		SolutionGuid = {6669C6C6-0C99-47C6-A146-6B3E22F59E5B}
	EndGlobalSection
EndGlobal
